// !$*UTF8*$!
{
	archiveVersion = 1;
	classes = {
	};
	objectVersion = 56;
	objects = {

/* Begin PBXBuildFile section */
		2A448CF7290F17110012E2A7 /* DataService.swift in Sources */ = {isa = PBXBuildFile; fileRef = 2A448CF6290F17110012E2A7 /* DataService.swift */; };
		2A448CF9290F19B80012E2A7 /* PhotosDataModelResponse.swift in Sources */ = {isa = PBXBuildFile; fileRef = 2A448CF8290F19B80012E2A7 /* PhotosDataModelResponse.swift */; };
		2A448CFB290F1E2F0012E2A7 /* HomeSearchViewModel.swift in Sources */ = {isa = PBXBuildFile; fileRef = 2A448CFA290F1E2F0012E2A7 /* HomeSearchViewModel.swift */; };
		2A448CFD290F39710012E2A7 /* DownloadImageService.swift in Sources */ = {isa = PBXBuildFile; fileRef = 2A448CFC290F39710012E2A7 /* DownloadImageService.swift */; };
		2A448CFF290F3A170012E2A7 /* CustomImageViewModel.swift in Sources */ = {isa = PBXBuildFile; fileRef = 2A448CFE290F3A170012E2A7 /* CustomImageViewModel.swift */; };
		2A448D01290F40290012E2A7 /* CustomImage.swift in Sources */ = {isa = PBXBuildFile; fileRef = 2A448D00290F40290012E2A7 /* CustomImage.swift */; };
		2A448D02290F41740012E2A7 /* SplashView.swift in Sources */ = {isa = PBXBuildFile; fileRef = 2AB4BDFC290EF10200A91C53 /* SplashView.swift */; };
		2A448D03290F41740012E2A7 /* SplashView.swift in Sources */ = {isa = PBXBuildFile; fileRef = 2AB4BDFC290EF10200A91C53 /* SplashView.swift */; };
		2A448D05290F42050012E2A7 /* CustomSearchBar.swift in Sources */ = {isa = PBXBuildFile; fileRef = 2A448D04290F42050012E2A7 /* CustomSearchBar.swift */; };
		2A755FA0290F7AFE008C5CCF /* DetailedImageView.swift in Sources */ = {isa = PBXBuildFile; fileRef = 2A755F9F290F7AFE008C5CCF /* DetailedImageView.swift */; };
		2A755FA62910DD6B008C5CCF /* NetworkConnection.swift in Sources */ = {isa = PBXBuildFile; fileRef = 2A755FA52910DD6B008C5CCF /* NetworkConnection.swift */; };
		2A755FA82910DDCF008C5CCF /* CustomAlert.swift in Sources */ = {isa = PBXBuildFile; fileRef = 2A755FA72910DDCF008C5CCF /* CustomAlert.swift */; };
		2A810A5529123684000E89BA /* Extension.swift in Sources */ = {isa = PBXBuildFile; fileRef = 2A810A5429123684000E89BA /* Extension.swift */; };
		2AB4BDD0290EEAA100A91C53 /* PhotosAppApp.swift in Sources */ = {isa = PBXBuildFile; fileRef = 2AB4BDCF290EEAA100A91C53 /* PhotosAppApp.swift */; };
		2AB4BDD4290EEAA400A91C53 /* Assets.xcassets in Resources */ = {isa = PBXBuildFile; fileRef = 2AB4BDD3290EEAA400A91C53 /* Assets.xcassets */; };
		2AB4BDD7290EEAA400A91C53 /* Preview Assets.xcassets in Resources */ = {isa = PBXBuildFile; fileRef = 2AB4BDD6290EEAA400A91C53 /* Preview Assets.xcassets */; };
		2AB4BDFD290EF10200A91C53 /* SplashView.swift in Sources */ = {isa = PBXBuildFile; fileRef = 2AB4BDFC290EF10200A91C53 /* SplashView.swift */; };
		2AB4BE11290EF32E00A91C53 /* Poppins-Black.ttf in Resources */ = {isa = PBXBuildFile; fileRef = 2AB4BDFF290EF32D00A91C53 /* Poppins-Black.ttf */; };
		2AB4BE12290EF32E00A91C53 /* Poppins-Black.ttf in Resources */ = {isa = PBXBuildFile; fileRef = 2AB4BDFF290EF32D00A91C53 /* Poppins-Black.ttf */; };
		2AB4BE13290EF32E00A91C53 /* Poppins-Black.ttf in Resources */ = {isa = PBXBuildFile; fileRef = 2AB4BDFF290EF32D00A91C53 /* Poppins-Black.ttf */; };
		2AB4BE14290EF32E00A91C53 /* Poppins-Bold.ttf in Resources */ = {isa = PBXBuildFile; fileRef = 2AB4BE00290EF32D00A91C53 /* Poppins-Bold.ttf */; };
		2AB4BE15290EF32E00A91C53 /* Poppins-Bold.ttf in Resources */ = {isa = PBXBuildFile; fileRef = 2AB4BE00290EF32D00A91C53 /* Poppins-Bold.ttf */; };
		2AB4BE16290EF32E00A91C53 /* Poppins-Bold.ttf in Resources */ = {isa = PBXBuildFile; fileRef = 2AB4BE00290EF32D00A91C53 /* Poppins-Bold.ttf */; };
		2AB4BE17290EF32E00A91C53 /* Poppins-Italic.ttf in Resources */ = {isa = PBXBuildFile; fileRef = 2AB4BE01290EF32D00A91C53 /* Poppins-Italic.ttf */; };
		2AB4BE18290EF32E00A91C53 /* Poppins-Italic.ttf in Resources */ = {isa = PBXBuildFile; fileRef = 2AB4BE01290EF32D00A91C53 /* Poppins-Italic.ttf */; };
		2AB4BE19290EF32E00A91C53 /* Poppins-Italic.ttf in Resources */ = {isa = PBXBuildFile; fileRef = 2AB4BE01290EF32D00A91C53 /* Poppins-Italic.ttf */; };
		2AB4BE1A290EF32E00A91C53 /* Poppins-LightItalic.ttf in Resources */ = {isa = PBXBuildFile; fileRef = 2AB4BE02290EF32D00A91C53 /* Poppins-LightItalic.ttf */; };
		2AB4BE1B290EF32E00A91C53 /* Poppins-LightItalic.ttf in Resources */ = {isa = PBXBuildFile; fileRef = 2AB4BE02290EF32D00A91C53 /* Poppins-LightItalic.ttf */; };
		2AB4BE1C290EF32E00A91C53 /* Poppins-LightItalic.ttf in Resources */ = {isa = PBXBuildFile; fileRef = 2AB4BE02290EF32D00A91C53 /* Poppins-LightItalic.ttf */; };
		2AB4BE1D290EF32E00A91C53 /* Poppins-ExtraLightItalic.ttf in Resources */ = {isa = PBXBuildFile; fileRef = 2AB4BE03290EF32D00A91C53 /* Poppins-ExtraLightItalic.ttf */; };
		2AB4BE1E290EF32E00A91C53 /* Poppins-ExtraLightItalic.ttf in Resources */ = {isa = PBXBuildFile; fileRef = 2AB4BE03290EF32D00A91C53 /* Poppins-ExtraLightItalic.ttf */; };
		2AB4BE1F290EF32E00A91C53 /* Poppins-ExtraLightItalic.ttf in Resources */ = {isa = PBXBuildFile; fileRef = 2AB4BE03290EF32D00A91C53 /* Poppins-ExtraLightItalic.ttf */; };
		2AB4BE20290EF32E00A91C53 /* Poppins-Regular.ttf in Resources */ = {isa = PBXBuildFile; fileRef = 2AB4BE04290EF32D00A91C53 /* Poppins-Regular.ttf */; };
		2AB4BE21290EF32E00A91C53 /* Poppins-Regular.ttf in Resources */ = {isa = PBXBuildFile; fileRef = 2AB4BE04290EF32D00A91C53 /* Poppins-Regular.ttf */; };
		2AB4BE22290EF32E00A91C53 /* Poppins-Regular.ttf in Resources */ = {isa = PBXBuildFile; fileRef = 2AB4BE04290EF32D00A91C53 /* Poppins-Regular.ttf */; };
		2AB4BE23290EF32E00A91C53 /* Poppins-MediumItalic.ttf in Resources */ = {isa = PBXBuildFile; fileRef = 2AB4BE05290EF32D00A91C53 /* Poppins-MediumItalic.ttf */; };
		2AB4BE24290EF32E00A91C53 /* Poppins-MediumItalic.ttf in Resources */ = {isa = PBXBuildFile; fileRef = 2AB4BE05290EF32D00A91C53 /* Poppins-MediumItalic.ttf */; };
		2AB4BE25290EF32E00A91C53 /* Poppins-MediumItalic.ttf in Resources */ = {isa = PBXBuildFile; fileRef = 2AB4BE05290EF32D00A91C53 /* Poppins-MediumItalic.ttf */; };
		2AB4BE26290EF32E00A91C53 /* Poppins-SemiBoldItalic.ttf in Resources */ = {isa = PBXBuildFile; fileRef = 2AB4BE06290EF32D00A91C53 /* Poppins-SemiBoldItalic.ttf */; };
		2AB4BE27290EF32E00A91C53 /* Poppins-SemiBoldItalic.ttf in Resources */ = {isa = PBXBuildFile; fileRef = 2AB4BE06290EF32D00A91C53 /* Poppins-SemiBoldItalic.ttf */; };
		2AB4BE28290EF32E00A91C53 /* Poppins-SemiBoldItalic.ttf in Resources */ = {isa = PBXBuildFile; fileRef = 2AB4BE06290EF32D00A91C53 /* Poppins-SemiBoldItalic.ttf */; };
		2AB4BE29290EF32E00A91C53 /* Poppins-Thin.ttf in Resources */ = {isa = PBXBuildFile; fileRef = 2AB4BE07290EF32D00A91C53 /* Poppins-Thin.ttf */; };
		2AB4BE2A290EF32E00A91C53 /* Poppins-Thin.ttf in Resources */ = {isa = PBXBuildFile; fileRef = 2AB4BE07290EF32D00A91C53 /* Poppins-Thin.ttf */; };
		2AB4BE2B290EF32E00A91C53 /* Poppins-Thin.ttf in Resources */ = {isa = PBXBuildFile; fileRef = 2AB4BE07290EF32D00A91C53 /* Poppins-Thin.ttf */; };
		2AB4BE2C290EF32E00A91C53 /* Poppins-Light.ttf in Resources */ = {isa = PBXBuildFile; fileRef = 2AB4BE08290EF32D00A91C53 /* Poppins-Light.ttf */; };
		2AB4BE2D290EF32E00A91C53 /* Poppins-Light.ttf in Resources */ = {isa = PBXBuildFile; fileRef = 2AB4BE08290EF32D00A91C53 /* Poppins-Light.ttf */; };
		2AB4BE2E290EF32E00A91C53 /* Poppins-Light.ttf in Resources */ = {isa = PBXBuildFile; fileRef = 2AB4BE08290EF32D00A91C53 /* Poppins-Light.ttf */; };
		2AB4BE2F290EF32E00A91C53 /* Poppins-ExtraBold.ttf in Resources */ = {isa = PBXBuildFile; fileRef = 2AB4BE09290EF32D00A91C53 /* Poppins-ExtraBold.ttf */; };
		2AB4BE30290EF32E00A91C53 /* Poppins-ExtraBold.ttf in Resources */ = {isa = PBXBuildFile; fileRef = 2AB4BE09290EF32D00A91C53 /* Poppins-ExtraBold.ttf */; };
		2AB4BE31290EF32E00A91C53 /* Poppins-ExtraBold.ttf in Resources */ = {isa = PBXBuildFile; fileRef = 2AB4BE09290EF32D00A91C53 /* Poppins-ExtraBold.ttf */; };
		2AB4BE32290EF32E00A91C53 /* Poppins-BoldItalic.ttf in Resources */ = {isa = PBXBuildFile; fileRef = 2AB4BE0A290EF32D00A91C53 /* Poppins-BoldItalic.ttf */; };
		2AB4BE33290EF32E00A91C53 /* Poppins-BoldItalic.ttf in Resources */ = {isa = PBXBuildFile; fileRef = 2AB4BE0A290EF32D00A91C53 /* Poppins-BoldItalic.ttf */; };
		2AB4BE34290EF32E00A91C53 /* Poppins-BoldItalic.ttf in Resources */ = {isa = PBXBuildFile; fileRef = 2AB4BE0A290EF32D00A91C53 /* Poppins-BoldItalic.ttf */; };
		2AB4BE35290EF32E00A91C53 /* Poppins-ExtraBoldItalic.ttf in Resources */ = {isa = PBXBuildFile; fileRef = 2AB4BE0B290EF32E00A91C53 /* Poppins-ExtraBoldItalic.ttf */; };
		2AB4BE36290EF32E00A91C53 /* Poppins-ExtraBoldItalic.ttf in Resources */ = {isa = PBXBuildFile; fileRef = 2AB4BE0B290EF32E00A91C53 /* Poppins-ExtraBoldItalic.ttf */; };
		2AB4BE37290EF32E00A91C53 /* Poppins-ExtraBoldItalic.ttf in Resources */ = {isa = PBXBuildFile; fileRef = 2AB4BE0B290EF32E00A91C53 /* Poppins-ExtraBoldItalic.ttf */; };
		2AB4BE38290EF32E00A91C53 /* Poppins-ExtraLight.ttf in Resources */ = {isa = PBXBuildFile; fileRef = 2AB4BE0C290EF32E00A91C53 /* Poppins-ExtraLight.ttf */; };
		2AB4BE39290EF32E00A91C53 /* Poppins-ExtraLight.ttf in Resources */ = {isa = PBXBuildFile; fileRef = 2AB4BE0C290EF32E00A91C53 /* Poppins-ExtraLight.ttf */; };
		2AB4BE3A290EF32E00A91C53 /* Poppins-ExtraLight.ttf in Resources */ = {isa = PBXBuildFile; fileRef = 2AB4BE0C290EF32E00A91C53 /* Poppins-ExtraLight.ttf */; };
		2AB4BE3B290EF32E00A91C53 /* Poppins-SemiBold.ttf in Resources */ = {isa = PBXBuildFile; fileRef = 2AB4BE0D290EF32E00A91C53 /* Poppins-SemiBold.ttf */; };
		2AB4BE3C290EF32E00A91C53 /* Poppins-SemiBold.ttf in Resources */ = {isa = PBXBuildFile; fileRef = 2AB4BE0D290EF32E00A91C53 /* Poppins-SemiBold.ttf */; };
		2AB4BE3D290EF32E00A91C53 /* Poppins-SemiBold.ttf in Resources */ = {isa = PBXBuildFile; fileRef = 2AB4BE0D290EF32E00A91C53 /* Poppins-SemiBold.ttf */; };
		2AB4BE3E290EF32E00A91C53 /* Poppins-BlackItalic.ttf in Resources */ = {isa = PBXBuildFile; fileRef = 2AB4BE0E290EF32E00A91C53 /* Poppins-BlackItalic.ttf */; };
		2AB4BE3F290EF32E00A91C53 /* Poppins-BlackItalic.ttf in Resources */ = {isa = PBXBuildFile; fileRef = 2AB4BE0E290EF32E00A91C53 /* Poppins-BlackItalic.ttf */; };
		2AB4BE40290EF32E00A91C53 /* Poppins-BlackItalic.ttf in Resources */ = {isa = PBXBuildFile; fileRef = 2AB4BE0E290EF32E00A91C53 /* Poppins-BlackItalic.ttf */; };
		2AB4BE41290EF32E00A91C53 /* Poppins-Medium.ttf in Resources */ = {isa = PBXBuildFile; fileRef = 2AB4BE0F290EF32E00A91C53 /* Poppins-Medium.ttf */; };
		2AB4BE42290EF32E00A91C53 /* Poppins-Medium.ttf in Resources */ = {isa = PBXBuildFile; fileRef = 2AB4BE0F290EF32E00A91C53 /* Poppins-Medium.ttf */; };
		2AB4BE43290EF32E00A91C53 /* Poppins-Medium.ttf in Resources */ = {isa = PBXBuildFile; fileRef = 2AB4BE0F290EF32E00A91C53 /* Poppins-Medium.ttf */; };
		2AB4BE44290EF32E00A91C53 /* Poppins-ThinItalic.ttf in Resources */ = {isa = PBXBuildFile; fileRef = 2AB4BE10290EF32E00A91C53 /* Poppins-ThinItalic.ttf */; };
		2AB4BE45290EF32E00A91C53 /* Poppins-ThinItalic.ttf in Resources */ = {isa = PBXBuildFile; fileRef = 2AB4BE10290EF32E00A91C53 /* Poppins-ThinItalic.ttf */; };
		2AB4BE46290EF32E00A91C53 /* Poppins-ThinItalic.ttf in Resources */ = {isa = PBXBuildFile; fileRef = 2AB4BE10290EF32E00A91C53 /* Poppins-ThinItalic.ttf */; };
		2AB4BE49290EF84C00A91C53 /* HomeSearchView.swift in Sources */ = {isa = PBXBuildFile; fileRef = 2AB4BE48290EF84C00A91C53 /* HomeSearchView.swift */; };
		2AB4BE4A290EF84C00A91C53 /* HomeSearchView.swift in Sources */ = {isa = PBXBuildFile; fileRef = 2AB4BE48290EF84C00A91C53 /* HomeSearchView.swift */; };
		2AB4BE4B290EF84C00A91C53 /* HomeSearchView.swift in Sources */ = {isa = PBXBuildFile; fileRef = 2AB4BE48290EF84C00A91C53 /* HomeSearchView.swift */; };
		2AB4BE4E290EFC6600A91C53 /* TextCustomPhotoApp.swift in Sources */ = {isa = PBXBuildFile; fileRef = 2AB4BE4D290EFC6600A91C53 /* TextCustomPhotoApp.swift */; };
/* End PBXBuildFile section */

/* Begin PBXContainerItemProxy section */
		2A6A97E329123DC3002A2E94 /* PBXContainerItemProxy */ = {
			isa = PBXContainerItemProxy;
			containerPortal = 2AB4BDC4290EEAA100A91C53 /* Project object */;
			proxyType = 1;
			remoteGlobalIDString = 2AB4BDCB290EEAA100A91C53;
			remoteInfo = PhotosApp;
		};
		2A6A97F229123F44002A2E94 /* PBXContainerItemProxy */ = {
			isa = PBXContainerItemProxy;
			containerPortal = 2AB4BDC4290EEAA100A91C53 /* Project object */;
			proxyType = 1;
			remoteGlobalIDString = 2AB4BDCB290EEAA100A91C53;
			remoteInfo = PhotosApp;
		};
		2A9D14FC2912412200775F6E /* PBXContainerItemProxy */ = {
			isa = PBXContainerItemProxy;
			containerPortal = 2AB4BDC4290EEAA100A91C53 /* Project object */;
			proxyType = 1;
			remoteGlobalIDString = 2AB4BDCB290EEAA100A91C53;
			remoteInfo = PhotosApp;
		};
		2AB4BDDD290EEAA500A91C53 /* PBXContainerItemProxy */ = {
			isa = PBXContainerItemProxy;
			containerPortal = 2AB4BDC4290EEAA100A91C53 /* Project object */;
			proxyType = 1;
			remoteGlobalIDString = 2AB4BDCB290EEAA100A91C53;
			remoteInfo = PhotosApp;
		};
		2AB4BDE7290EEAA500A91C53 /* PBXContainerItemProxy */ = {
			isa = PBXContainerItemProxy;
			containerPortal = 2AB4BDC4290EEAA100A91C53 /* Project object */;
			proxyType = 1;
			remoteGlobalIDString = 2AB4BDCB290EEAA100A91C53;
			remoteInfo = PhotosApp;
		};
/* End PBXContainerItemProxy section */

/* Begin PBXFileReference section */
		2A448CF6290F17110012E2A7 /* DataService.swift */ = {isa = PBXFileReference; lastKnownFileType = sourcecode.swift; path = DataService.swift; sourceTree = "<group>"; };
		2A448CF8290F19B80012E2A7 /* PhotosDataModelResponse.swift */ = {isa = PBXFileReference; lastKnownFileType = sourcecode.swift; path = PhotosDataModelResponse.swift; sourceTree = "<group>"; };
		2A448CFA290F1E2F0012E2A7 /* HomeSearchViewModel.swift */ = {isa = PBXFileReference; lastKnownFileType = sourcecode.swift; path = HomeSearchViewModel.swift; sourceTree = "<group>"; };
		2A448CFC290F39710012E2A7 /* DownloadImageService.swift */ = {isa = PBXFileReference; lastKnownFileType = sourcecode.swift; path = DownloadImageService.swift; sourceTree = "<group>"; };
		2A448CFE290F3A170012E2A7 /* CustomImageViewModel.swift */ = {isa = PBXFileReference; lastKnownFileType = sourcecode.swift; path = CustomImageViewModel.swift; sourceTree = "<group>"; };
		2A448D00290F40290012E2A7 /* CustomImage.swift */ = {isa = PBXFileReference; lastKnownFileType = sourcecode.swift; path = CustomImage.swift; sourceTree = "<group>"; };
		2A448D04290F42050012E2A7 /* CustomSearchBar.swift */ = {isa = PBXFileReference; lastKnownFileType = sourcecode.swift; path = CustomSearchBar.swift; sourceTree = "<group>"; };
		2A6A97DD29123DC3002A2E94 /* PhotosAppUI_Tests.xctest */ = {isa = PBXFileReference; explicitFileType = wrapper.cfbundle; includeInIndex = 0; path = PhotosAppUI_Tests.xctest; sourceTree = BUILT_PRODUCTS_DIR; };
		2A6A97EC29123F44002A2E94 /* PhotosApp_UITests.xctest */ = {isa = PBXFileReference; explicitFileType = wrapper.cfbundle; includeInIndex = 0; path = PhotosApp_UITests.xctest; sourceTree = BUILT_PRODUCTS_DIR; };
		2A755F9F290F7AFE008C5CCF /* DetailedImageView.swift */ = {isa = PBXFileReference; lastKnownFileType = sourcecode.swift; path = DetailedImageView.swift; sourceTree = "<group>"; };
		2A755FA52910DD6B008C5CCF /* NetworkConnection.swift */ = {isa = PBXFileReference; lastKnownFileType = sourcecode.swift; path = NetworkConnection.swift; sourceTree = "<group>"; };
		2A755FA72910DDCF008C5CCF /* CustomAlert.swift */ = {isa = PBXFileReference; lastKnownFileType = sourcecode.swift; path = CustomAlert.swift; sourceTree = "<group>"; };
		2A810A5429123684000E89BA /* Extension.swift */ = {isa = PBXFileReference; lastKnownFileType = sourcecode.swift; path = Extension.swift; sourceTree = "<group>"; };
		2A9D14F82912412200775F6E /* PhotosAppTests_UnitTest.xctest */ = {isa = PBXFileReference; explicitFileType = wrapper.cfbundle; includeInIndex = 0; path = PhotosAppTests_UnitTest.xctest; sourceTree = BUILT_PRODUCTS_DIR; };
		2AB4BDCC290EEAA100A91C53 /* PhotosApp.app */ = {isa = PBXFileReference; explicitFileType = wrapper.application; includeInIndex = 0; path = PhotosApp.app; sourceTree = BUILT_PRODUCTS_DIR; };
		2AB4BDCF290EEAA100A91C53 /* PhotosAppApp.swift */ = {isa = PBXFileReference; lastKnownFileType = sourcecode.swift; path = PhotosAppApp.swift; sourceTree = "<group>"; };
		2AB4BDD3290EEAA400A91C53 /* Assets.xcassets */ = {isa = PBXFileReference; lastKnownFileType = folder.assetcatalog; path = Assets.xcassets; sourceTree = "<group>"; };
		2AB4BDD6290EEAA400A91C53 /* Preview Assets.xcassets */ = {isa = PBXFileReference; lastKnownFileType = folder.assetcatalog; path = "Preview Assets.xcassets"; sourceTree = "<group>"; };
		2AB4BDDC290EEAA500A91C53 /* PhotosAppTests.xctest */ = {isa = PBXFileReference; explicitFileType = wrapper.cfbundle; includeInIndex = 0; path = PhotosAppTests.xctest; sourceTree = BUILT_PRODUCTS_DIR; };
		2AB4BDE6290EEAA500A91C53 /* PhotosAppUITests.xctest */ = {isa = PBXFileReference; explicitFileType = wrapper.cfbundle; includeInIndex = 0; path = PhotosAppUITests.xctest; sourceTree = BUILT_PRODUCTS_DIR; };
		2AB4BDFC290EF10200A91C53 /* SplashView.swift */ = {isa = PBXFileReference; lastKnownFileType = sourcecode.swift; path = SplashView.swift; sourceTree = "<group>"; };
		2AB4BDFF290EF32D00A91C53 /* Poppins-Black.ttf */ = {isa = PBXFileReference; lastKnownFileType = file; path = "Poppins-Black.ttf"; sourceTree = "<group>"; };
		2AB4BE00290EF32D00A91C53 /* Poppins-Bold.ttf */ = {isa = PBXFileReference; lastKnownFileType = file; path = "Poppins-Bold.ttf"; sourceTree = "<group>"; };
		2AB4BE01290EF32D00A91C53 /* Poppins-Italic.ttf */ = {isa = PBXFileReference; lastKnownFileType = file; path = "Poppins-Italic.ttf"; sourceTree = "<group>"; };
		2AB4BE02290EF32D00A91C53 /* Poppins-LightItalic.ttf */ = {isa = PBXFileReference; lastKnownFileType = file; path = "Poppins-LightItalic.ttf"; sourceTree = "<group>"; };
		2AB4BE03290EF32D00A91C53 /* Poppins-ExtraLightItalic.ttf */ = {isa = PBXFileReference; lastKnownFileType = file; path = "Poppins-ExtraLightItalic.ttf"; sourceTree = "<group>"; };
		2AB4BE04290EF32D00A91C53 /* Poppins-Regular.ttf */ = {isa = PBXFileReference; lastKnownFileType = file; path = "Poppins-Regular.ttf"; sourceTree = "<group>"; };
		2AB4BE05290EF32D00A91C53 /* Poppins-MediumItalic.ttf */ = {isa = PBXFileReference; lastKnownFileType = file; path = "Poppins-MediumItalic.ttf"; sourceTree = "<group>"; };
		2AB4BE06290EF32D00A91C53 /* Poppins-SemiBoldItalic.ttf */ = {isa = PBXFileReference; lastKnownFileType = file; path = "Poppins-SemiBoldItalic.ttf"; sourceTree = "<group>"; };
		2AB4BE07290EF32D00A91C53 /* Poppins-Thin.ttf */ = {isa = PBXFileReference; lastKnownFileType = file; path = "Poppins-Thin.ttf"; sourceTree = "<group>"; };
		2AB4BE08290EF32D00A91C53 /* Poppins-Light.ttf */ = {isa = PBXFileReference; lastKnownFileType = file; path = "Poppins-Light.ttf"; sourceTree = "<group>"; };
		2AB4BE09290EF32D00A91C53 /* Poppins-ExtraBold.ttf */ = {isa = PBXFileReference; lastKnownFileType = file; path = "Poppins-ExtraBold.ttf"; sourceTree = "<group>"; };
		2AB4BE0A290EF32D00A91C53 /* Poppins-BoldItalic.ttf */ = {isa = PBXFileReference; lastKnownFileType = file; path = "Poppins-BoldItalic.ttf"; sourceTree = "<group>"; };
		2AB4BE0B290EF32E00A91C53 /* Poppins-ExtraBoldItalic.ttf */ = {isa = PBXFileReference; lastKnownFileType = file; path = "Poppins-ExtraBoldItalic.ttf"; sourceTree = "<group>"; };
		2AB4BE0C290EF32E00A91C53 /* Poppins-ExtraLight.ttf */ = {isa = PBXFileReference; lastKnownFileType = file; path = "Poppins-ExtraLight.ttf"; sourceTree = "<group>"; };
		2AB4BE0D290EF32E00A91C53 /* Poppins-SemiBold.ttf */ = {isa = PBXFileReference; lastKnownFileType = file; path = "Poppins-SemiBold.ttf"; sourceTree = "<group>"; };
		2AB4BE0E290EF32E00A91C53 /* Poppins-BlackItalic.ttf */ = {isa = PBXFileReference; lastKnownFileType = file; path = "Poppins-BlackItalic.ttf"; sourceTree = "<group>"; };
		2AB4BE0F290EF32E00A91C53 /* Poppins-Medium.ttf */ = {isa = PBXFileReference; lastKnownFileType = file; path = "Poppins-Medium.ttf"; sourceTree = "<group>"; };
		2AB4BE10290EF32E00A91C53 /* Poppins-ThinItalic.ttf */ = {isa = PBXFileReference; lastKnownFileType = file; path = "Poppins-ThinItalic.ttf"; sourceTree = "<group>"; };
		2AB4BE47290EF39900A91C53 /* Info.plist */ = {isa = PBXFileReference; lastKnownFileType = text.plist; path = Info.plist; sourceTree = "<group>"; };
		2AB4BE48290EF84C00A91C53 /* HomeSearchView.swift */ = {isa = PBXFileReference; lastKnownFileType = sourcecode.swift; path = HomeSearchView.swift; sourceTree = "<group>"; };
		2AB4BE4D290EFC6600A91C53 /* TextCustomPhotoApp.swift */ = {isa = PBXFileReference; lastKnownFileType = sourcecode.swift; path = TextCustomPhotoApp.swift; sourceTree = "<group>"; };
/* End PBXFileReference section */

/* Begin PBXFrameworksBuildPhase section */
		2A6A97DA29123DC3002A2E94 /* Frameworks */ = {
			isa = PBXFrameworksBuildPhase;
			buildActionMask = 2147483647;
			files = (
			);
			runOnlyForDeploymentPostprocessing = 0;
		};
		2A6A97E929123F44002A2E94 /* Frameworks */ = {
			isa = PBXFrameworksBuildPhase;
			buildActionMask = 2147483647;
			files = (
			);
			runOnlyForDeploymentPostprocessing = 0;
		};
		2A9D14F52912412200775F6E /* Frameworks */ = {
			isa = PBXFrameworksBuildPhase;
			buildActionMask = 2147483647;
			files = (
			);
			runOnlyForDeploymentPostprocessing = 0;
		};
		2AB4BDC9290EEAA100A91C53 /* Frameworks */ = {
			isa = PBXFrameworksBuildPhase;
			buildActionMask = 2147483647;
			files = (
			);
			runOnlyForDeploymentPostprocessing = 0;
		};
		2AB4BDD9290EEAA500A91C53 /* Frameworks */ = {
			isa = PBXFrameworksBuildPhase;
			buildActionMask = 2147483647;
			files = (
			);
			runOnlyForDeploymentPostprocessing = 0;
		};
		2AB4BDE3290EEAA500A91C53 /* Frameworks */ = {
			isa = PBXFrameworksBuildPhase;
			buildActionMask = 2147483647;
			files = (
			);
			runOnlyForDeploymentPostprocessing = 0;
		};
/* End PBXFrameworksBuildPhase section */

/* Begin PBXGroup section */
		2A448CF5290F16FA0012E2A7 /* Services */ = {
			isa = PBXGroup;
			children = (
				2A448CF6290F17110012E2A7 /* DataService.swift */,
				2A448CFC290F39710012E2A7 /* DownloadImageService.swift */,
			);
			path = Services;
			sourceTree = "<group>";
		};
		2A755FA42910DD54008C5CCF /* Network */ = {
			isa = PBXGroup;
			children = (
				2A755FA52910DD6B008C5CCF /* NetworkConnection.swift */,
			);
			path = Network;
			sourceTree = "<group>";
		};
		2A810A5329123676000E89BA /* Extension */ = {
			isa = PBXGroup;
			children = (
				2A810A5429123684000E89BA /* Extension.swift */,
			);
			path = Extension;
			sourceTree = "<group>";
		};
		2AB4BDC3290EEAA100A91C53 = {
			isa = PBXGroup;
			children = (
				2AB4BDCE290EEAA100A91C53 /* PhotosApp */,
				2AB4BDCD290EEAA100A91C53 /* Products */,
			);
			sourceTree = "<group>";
		};
		2AB4BDCD290EEAA100A91C53 /* Products */ = {
			isa = PBXGroup;
			children = (
				2AB4BDCC290EEAA100A91C53 /* PhotosApp.app */,
				2AB4BDDC290EEAA500A91C53 /* PhotosAppTests.xctest */,
				2AB4BDE6290EEAA500A91C53 /* PhotosAppUITests.xctest */,
				2A6A97DD29123DC3002A2E94 /* PhotosAppUI_Tests.xctest */,
				2A6A97EC29123F44002A2E94 /* PhotosApp_UITests.xctest */,
				2A9D14F82912412200775F6E /* PhotosAppTests_UnitTest.xctest */,
			);
			name = Products;
			sourceTree = "<group>";
		};
		2AB4BDCE290EEAA100A91C53 /* PhotosApp */ = {
			isa = PBXGroup;
			children = (
				2A810A5329123676000E89BA /* Extension */,
				2A755FA42910DD54008C5CCF /* Network */,
				2A448CF5290F16FA0012E2A7 /* Services */,
				2AB4BE4C290EFC4A00A91C53 /* Components */,
				2AB4BDFB290EF0DE00A91C53 /* Model */,
				2AB4BDFA290EF0D600A91C53 /* ViewModel */,
				2AB4BDF9290EF0D000A91C53 /* View */,
				2AB4BDCF290EEAA100A91C53 /* PhotosAppApp.swift */,
				2AB4BDD3290EEAA400A91C53 /* Assets.xcassets */,
				2AB4BE47290EF39900A91C53 /* Info.plist */,
				2AB4BDD5290EEAA400A91C53 /* Preview Content */,
				2AB4BDFE290EF1C100A91C53 /* Fonts */,
			);
			path = PhotosApp;
			sourceTree = "<group>";
		};
		2AB4BDD5290EEAA400A91C53 /* Preview Content */ = {
			isa = PBXGroup;
			children = (
				2AB4BDD6290EEAA400A91C53 /* Preview Assets.xcassets */,
			);
			path = "Preview Content";
			sourceTree = "<group>";
		};
		2AB4BDF9290EF0D000A91C53 /* View */ = {
			isa = PBXGroup;
			children = (
				2AB4BDFC290EF10200A91C53 /* SplashView.swift */,
				2AB4BE48290EF84C00A91C53 /* HomeSearchView.swift */,
				2A755F9F290F7AFE008C5CCF /* DetailedImageView.swift */,
			);
			path = View;
			sourceTree = "<group>";
		};
		2AB4BDFA290EF0D600A91C53 /* ViewModel */ = {
			isa = PBXGroup;
			children = (
				2A448CFA290F1E2F0012E2A7 /* HomeSearchViewModel.swift */,
				2A448CFE290F3A170012E2A7 /* CustomImageViewModel.swift */,
			);
			path = ViewModel;
			sourceTree = "<group>";
		};
		2AB4BDFB290EF0DE00A91C53 /* Model */ = {
			isa = PBXGroup;
			children = (
				2A448CF8290F19B80012E2A7 /* PhotosDataModelResponse.swift */,
			);
			path = Model;
			sourceTree = "<group>";
		};
		2AB4BDFE290EF1C100A91C53 /* Fonts */ = {
			isa = PBXGroup;
			children = (
				2AB4BDFF290EF32D00A91C53 /* Poppins-Black.ttf */,
				2AB4BE0E290EF32E00A91C53 /* Poppins-BlackItalic.ttf */,
				2AB4BE00290EF32D00A91C53 /* Poppins-Bold.ttf */,
				2AB4BE0A290EF32D00A91C53 /* Poppins-BoldItalic.ttf */,
				2AB4BE09290EF32D00A91C53 /* Poppins-ExtraBold.ttf */,
				2AB4BE0B290EF32E00A91C53 /* Poppins-ExtraBoldItalic.ttf */,
				2AB4BE0C290EF32E00A91C53 /* Poppins-ExtraLight.ttf */,
				2AB4BE03290EF32D00A91C53 /* Poppins-ExtraLightItalic.ttf */,
				2AB4BE01290EF32D00A91C53 /* Poppins-Italic.ttf */,
				2AB4BE08290EF32D00A91C53 /* Poppins-Light.ttf */,
				2AB4BE02290EF32D00A91C53 /* Poppins-LightItalic.ttf */,
				2AB4BE0F290EF32E00A91C53 /* Poppins-Medium.ttf */,
				2AB4BE05290EF32D00A91C53 /* Poppins-MediumItalic.ttf */,
				2AB4BE04290EF32D00A91C53 /* Poppins-Regular.ttf */,
				2AB4BE0D290EF32E00A91C53 /* Poppins-SemiBold.ttf */,
				2AB4BE06290EF32D00A91C53 /* Poppins-SemiBoldItalic.ttf */,
				2AB4BE07290EF32D00A91C53 /* Poppins-Thin.ttf */,
				2AB4BE10290EF32E00A91C53 /* Poppins-ThinItalic.ttf */,
			);
			path = Fonts;
			sourceTree = "<group>";
		};
		2AB4BE4C290EFC4A00A91C53 /* Components */ = {
			isa = PBXGroup;
			children = (
				2AB4BE4D290EFC6600A91C53 /* TextCustomPhotoApp.swift */,
				2A448D00290F40290012E2A7 /* CustomImage.swift */,
				2A448D04290F42050012E2A7 /* CustomSearchBar.swift */,
				2A755FA72910DDCF008C5CCF /* CustomAlert.swift */,
			);
			path = Components;
			sourceTree = "<group>";
		};
/* End PBXGroup section */

/* Begin PBXNativeTarget section */
		2A6A97DC29123DC3002A2E94 /* PhotosAppUI_Tests */ = {
			isa = PBXNativeTarget;
			buildConfigurationList = 2A6A97E529123DC3002A2E94 /* Build configuration list for PBXNativeTarget "PhotosAppUI_Tests" */;
			buildPhases = (
				2A6A97D929123DC3002A2E94 /* Sources */,
				2A6A97DA29123DC3002A2E94 /* Frameworks */,
				2A6A97DB29123DC3002A2E94 /* Resources */,
			);
			buildRules = (
			);
			dependencies = (
				2A6A97E429123DC3002A2E94 /* PBXTargetDependency */,
			);
			name = PhotosAppUI_Tests;
			productName = PhotosAppUI_Tests;
			productReference = 2A6A97DD29123DC3002A2E94 /* PhotosAppUI_Tests.xctest */;
			productType = "com.apple.product-type.bundle.ui-testing";
		};
		2A6A97EB29123F44002A2E94 /* PhotosApp_UITests */ = {
			isa = PBXNativeTarget;
			buildConfigurationList = 2A6A97F429123F44002A2E94 /* Build configuration list for PBXNativeTarget "PhotosApp_UITests" */;
			buildPhases = (
				2A6A97E829123F44002A2E94 /* Sources */,
				2A6A97E929123F44002A2E94 /* Frameworks */,
				2A6A97EA29123F44002A2E94 /* Resources */,
			);
			buildRules = (
			);
			dependencies = (
				2A6A97F329123F44002A2E94 /* PBXTargetDependency */,
			);
			name = PhotosApp_UITests;
			productName = PhotosApp_UITests;
			productReference = 2A6A97EC29123F44002A2E94 /* PhotosApp_UITests.xctest */;
			productType = "com.apple.product-type.bundle.ui-testing";
		};
		2A9D14F72912412200775F6E /* PhotosAppTests_UnitTest */ = {
			isa = PBXNativeTarget;
			buildConfigurationList = 2A9D15002912412200775F6E /* Build configuration list for PBXNativeTarget "PhotosAppTests_UnitTest" */;
			buildPhases = (
				2A9D14F42912412200775F6E /* Sources */,
				2A9D14F52912412200775F6E /* Frameworks */,
				2A9D14F62912412200775F6E /* Resources */,
			);
			buildRules = (
			);
			dependencies = (
				2A9D14FD2912412200775F6E /* PBXTargetDependency */,
			);
			name = PhotosAppTests_UnitTest;
			productName = PhotosAppTests_UnitTest;
			productReference = 2A9D14F82912412200775F6E /* PhotosAppTests_UnitTest.xctest */;
			productType = "com.apple.product-type.bundle.unit-test";
		};
		2AB4BDCB290EEAA100A91C53 /* PhotosApp */ = {
			isa = PBXNativeTarget;
			buildConfigurationList = 2AB4BDF0290EEAA500A91C53 /* Build configuration list for PBXNativeTarget "PhotosApp" */;
			buildPhases = (
				2AB4BDC8290EEAA100A91C53 /* Sources */,
				2AB4BDC9290EEAA100A91C53 /* Frameworks */,
				2AB4BDCA290EEAA100A91C53 /* Resources */,
			);
			buildRules = (
			);
			dependencies = (
			);
			name = PhotosApp;
			productName = PhotosApp;
			productReference = 2AB4BDCC290EEAA100A91C53 /* PhotosApp.app */;
			productType = "com.apple.product-type.application";
		};
		2AB4BDDB290EEAA500A91C53 /* PhotosAppTests */ = {
			isa = PBXNativeTarget;
			buildConfigurationList = 2AB4BDF3290EEAA500A91C53 /* Build configuration list for PBXNativeTarget "PhotosAppTests" */;
			buildPhases = (
				2AB4BDD8290EEAA500A91C53 /* Sources */,
				2AB4BDD9290EEAA500A91C53 /* Frameworks */,
				2AB4BDDA290EEAA500A91C53 /* Resources */,
			);
			buildRules = (
			);
			dependencies = (
				2AB4BDDE290EEAA500A91C53 /* PBXTargetDependency */,
			);
			name = PhotosAppTests;
			productName = PhotosAppTests;
			productReference = 2AB4BDDC290EEAA500A91C53 /* PhotosAppTests.xctest */;
			productType = "com.apple.product-type.bundle.unit-test";
		};
		2AB4BDE5290EEAA500A91C53 /* PhotosAppUITests */ = {
			isa = PBXNativeTarget;
			buildConfigurationList = 2AB4BDF6290EEAA500A91C53 /* Build configuration list for PBXNativeTarget "PhotosAppUITests" */;
			buildPhases = (
				2AB4BDE2290EEAA500A91C53 /* Sources */,
				2AB4BDE3290EEAA500A91C53 /* Frameworks */,
				2AB4BDE4290EEAA500A91C53 /* Resources */,
			);
			buildRules = (
			);
			dependencies = (
				2AB4BDE8290EEAA500A91C53 /* PBXTargetDependency */,
			);
			name = PhotosAppUITests;
			productName = PhotosAppUITests;
			productReference = 2AB4BDE6290EEAA500A91C53 /* PhotosAppUITests.xctest */;
			productType = "com.apple.product-type.bundle.ui-testing";
		};
/* End PBXNativeTarget section */

/* Begin PBXProject section */
		2AB4BDC4290EEAA100A91C53 /* Project object */ = {
			isa = PBXProject;
			attributes = {
				BuildIndependentTargetsInParallel = 1;
				LastSwiftUpdateCheck = 1400;
				LastUpgradeCheck = 1400;
				TargetAttributes = {
					2A6A97DC29123DC3002A2E94 = {
						CreatedOnToolsVersion = 14.0.1;
						TestTargetID = 2AB4BDCB290EEAA100A91C53;
					};
					2A6A97EB29123F44002A2E94 = {
						CreatedOnToolsVersion = 14.0.1;
						TestTargetID = 2AB4BDCB290EEAA100A91C53;
					};
					2A9D14F72912412200775F6E = {
						CreatedOnToolsVersion = 14.0.1;
						TestTargetID = 2AB4BDCB290EEAA100A91C53;
					};
					2AB4BDCB290EEAA100A91C53 = {
						CreatedOnToolsVersion = 14.0.1;
					};
					2AB4BDDB290EEAA500A91C53 = {
						CreatedOnToolsVersion = 14.0.1;
						TestTargetID = 2AB4BDCB290EEAA100A91C53;
					};
					2AB4BDE5290EEAA500A91C53 = {
						CreatedOnToolsVersion = 14.0.1;
						TestTargetID = 2AB4BDCB290EEAA100A91C53;
					};
				};
			};
			buildConfigurationList = 2AB4BDC7290EEAA100A91C53 /* Build configuration list for PBXProject "PhotosApp" */;
			compatibilityVersion = "Xcode 14.0";
			developmentRegion = en;
			hasScannedForEncodings = 0;
			knownRegions = (
				en,
				Base,
			);
			mainGroup = 2AB4BDC3290EEAA100A91C53;
			productRefGroup = 2AB4BDCD290EEAA100A91C53 /* Products */;
			projectDirPath = "";
			projectRoot = "";
			targets = (
				2AB4BDCB290EEAA100A91C53 /* PhotosApp */,
				2AB4BDDB290EEAA500A91C53 /* PhotosAppTests */,
				2AB4BDE5290EEAA500A91C53 /* PhotosAppUITests */,
				2A6A97DC29123DC3002A2E94 /* PhotosAppUI_Tests */,
				2A6A97EB29123F44002A2E94 /* PhotosApp_UITests */,
				2A9D14F72912412200775F6E /* PhotosAppTests_UnitTest */,
			);
		};
/* End PBXProject section */

/* Begin PBXResourcesBuildPhase section */
		2A6A97DB29123DC3002A2E94 /* Resources */ = {
			isa = PBXResourcesBuildPhase;
			buildActionMask = 2147483647;
			files = (
			);
			runOnlyForDeploymentPostprocessing = 0;
		};
		2A6A97EA29123F44002A2E94 /* Resources */ = {
			isa = PBXResourcesBuildPhase;
			buildActionMask = 2147483647;
			files = (
			);
			runOnlyForDeploymentPostprocessing = 0;
		};
		2A9D14F62912412200775F6E /* Resources */ = {
			isa = PBXResourcesBuildPhase;
			buildActionMask = 2147483647;
			files = (
			);
			runOnlyForDeploymentPostprocessing = 0;
		};
		2AB4BDCA290EEAA100A91C53 /* Resources */ = {
			isa = PBXResourcesBuildPhase;
			buildActionMask = 2147483647;
			files = (
				2AB4BE11290EF32E00A91C53 /* Poppins-Black.ttf in Resources */,
				2AB4BE1D290EF32E00A91C53 /* Poppins-ExtraLightItalic.ttf in Resources */,
				2AB4BE1A290EF32E00A91C53 /* Poppins-LightItalic.ttf in Resources */,
				2AB4BDD7290EEAA400A91C53 /* Preview Assets.xcassets in Resources */,
				2AB4BE38290EF32E00A91C53 /* Poppins-ExtraLight.ttf in Resources */,
				2AB4BDD4290EEAA400A91C53 /* Assets.xcassets in Resources */,
				2AB4BE26290EF32E00A91C53 /* Poppins-SemiBoldItalic.ttf in Resources */,
				2AB4BE17290EF32E00A91C53 /* Poppins-Italic.ttf in Resources */,
				2AB4BE2C290EF32E00A91C53 /* Poppins-Light.ttf in Resources */,
				2AB4BE14290EF32E00A91C53 /* Poppins-Bold.ttf in Resources */,
				2AB4BE35290EF32E00A91C53 /* Poppins-ExtraBoldItalic.ttf in Resources */,
				2AB4BE32290EF32E00A91C53 /* Poppins-BoldItalic.ttf in Resources */,
				2AB4BE23290EF32E00A91C53 /* Poppins-MediumItalic.ttf in Resources */,
				2AB4BE29290EF32E00A91C53 /* Poppins-Thin.ttf in Resources */,
				2AB4BE41290EF32E00A91C53 /* Poppins-Medium.ttf in Resources */,
				2AB4BE20290EF32E00A91C53 /* Poppins-Regular.ttf in Resources */,
				2AB4BE2F290EF32E00A91C53 /* Poppins-ExtraBold.ttf in Resources */,
				2AB4BE44290EF32E00A91C53 /* Poppins-ThinItalic.ttf in Resources */,
				2AB4BE3E290EF32E00A91C53 /* Poppins-BlackItalic.ttf in Resources */,
				2AB4BE3B290EF32E00A91C53 /* Poppins-SemiBold.ttf in Resources */,
			);
			runOnlyForDeploymentPostprocessing = 0;
		};
		2AB4BDDA290EEAA500A91C53 /* Resources */ = {
			isa = PBXResourcesBuildPhase;
			buildActionMask = 2147483647;
			files = (
				2AB4BE3C290EF32E00A91C53 /* Poppins-SemiBold.ttf in Resources */,
				2AB4BE18290EF32E00A91C53 /* Poppins-Italic.ttf in Resources */,
				2AB4BE2D290EF32E00A91C53 /* Poppins-Light.ttf in Resources */,
				2AB4BE27290EF32E00A91C53 /* Poppins-SemiBoldItalic.ttf in Resources */,
				2AB4BE42290EF32E00A91C53 /* Poppins-Medium.ttf in Resources */,
				2AB4BE33290EF32E00A91C53 /* Poppins-BoldItalic.ttf in Resources */,
				2AB4BE12290EF32E00A91C53 /* Poppins-Black.ttf in Resources */,
				2AB4BE36290EF32E00A91C53 /* Poppins-ExtraBoldItalic.ttf in Resources */,
				2AB4BE39290EF32E00A91C53 /* Poppins-ExtraLight.ttf in Resources */,
				2AB4BE2A290EF32E00A91C53 /* Poppins-Thin.ttf in Resources */,
				2AB4BE1E290EF32E00A91C53 /* Poppins-ExtraLightItalic.ttf in Resources */,
				2AB4BE21290EF32E00A91C53 /* Poppins-Regular.ttf in Resources */,
				2AB4BE30290EF32E00A91C53 /* Poppins-ExtraBold.ttf in Resources */,
				2AB4BE3F290EF32E00A91C53 /* Poppins-BlackItalic.ttf in Resources */,
				2AB4BE15290EF32E00A91C53 /* Poppins-Bold.ttf in Resources */,
				2AB4BE45290EF32E00A91C53 /* Poppins-ThinItalic.ttf in Resources */,
				2AB4BE24290EF32E00A91C53 /* Poppins-MediumItalic.ttf in Resources */,
				2AB4BE1B290EF32E00A91C53 /* Poppins-LightItalic.ttf in Resources */,
			);
			runOnlyForDeploymentPostprocessing = 0;
		};
		2AB4BDE4290EEAA500A91C53 /* Resources */ = {
			isa = PBXResourcesBuildPhase;
			buildActionMask = 2147483647;
			files = (
				2AB4BE3D290EF32E00A91C53 /* Poppins-SemiBold.ttf in Resources */,
				2AB4BE19290EF32E00A91C53 /* Poppins-Italic.ttf in Resources */,
				2AB4BE2E290EF32E00A91C53 /* Poppins-Light.ttf in Resources */,
				2AB4BE28290EF32E00A91C53 /* Poppins-SemiBoldItalic.ttf in Resources */,
				2AB4BE43290EF32E00A91C53 /* Poppins-Medium.ttf in Resources */,
				2AB4BE34290EF32E00A91C53 /* Poppins-BoldItalic.ttf in Resources */,
				2AB4BE13290EF32E00A91C53 /* Poppins-Black.ttf in Resources */,
				2AB4BE37290EF32E00A91C53 /* Poppins-ExtraBoldItalic.ttf in Resources */,
				2AB4BE3A290EF32E00A91C53 /* Poppins-ExtraLight.ttf in Resources */,
				2AB4BE2B290EF32E00A91C53 /* Poppins-Thin.ttf in Resources */,
				2AB4BE1F290EF32E00A91C53 /* Poppins-ExtraLightItalic.ttf in Resources */,
				2AB4BE22290EF32E00A91C53 /* Poppins-Regular.ttf in Resources */,
				2AB4BE31290EF32E00A91C53 /* Poppins-ExtraBold.ttf in Resources */,
				2AB4BE40290EF32E00A91C53 /* Poppins-BlackItalic.ttf in Resources */,
				2AB4BE16290EF32E00A91C53 /* Poppins-Bold.ttf in Resources */,
				2AB4BE46290EF32E00A91C53 /* Poppins-ThinItalic.ttf in Resources */,
				2AB4BE25290EF32E00A91C53 /* Poppins-MediumItalic.ttf in Resources */,
				2AB4BE1C290EF32E00A91C53 /* Poppins-LightItalic.ttf in Resources */,
			);
			runOnlyForDeploymentPostprocessing = 0;
		};
/* End PBXResourcesBuildPhase section */

/* Begin PBXSourcesBuildPhase section */
		2A6A97D929123DC3002A2E94 /* Sources */ = {
			isa = PBXSourcesBuildPhase;
			buildActionMask = 2147483647;
			files = (
			);
			runOnlyForDeploymentPostprocessing = 0;
		};
		2A6A97E829123F44002A2E94 /* Sources */ = {
			isa = PBXSourcesBuildPhase;
			buildActionMask = 2147483647;
			files = (
			);
			runOnlyForDeploymentPostprocessing = 0;
		};
		2A9D14F42912412200775F6E /* Sources */ = {
			isa = PBXSourcesBuildPhase;
			buildActionMask = 2147483647;
			files = (
			);
			runOnlyForDeploymentPostprocessing = 0;
		};
		2AB4BDC8290EEAA100A91C53 /* Sources */ = {
			isa = PBXSourcesBuildPhase;
			buildActionMask = 2147483647;
			files = (
				2A810A5529123684000E89BA /* Extension.swift in Sources */,
				2A448CFB290F1E2F0012E2A7 /* HomeSearchViewModel.swift in Sources */,
				2A448CFD290F39710012E2A7 /* DownloadImageService.swift in Sources */,
				2AB4BE49290EF84C00A91C53 /* HomeSearchView.swift in Sources */,
				2AB4BDD0290EEAA100A91C53 /* PhotosAppApp.swift in Sources */,
				2AB4BE4E290EFC6600A91C53 /* TextCustomPhotoApp.swift in Sources */,
				2AB4BDFD290EF10200A91C53 /* SplashView.swift in Sources */,
				2A448D01290F40290012E2A7 /* CustomImage.swift in Sources */,
				2A448CF7290F17110012E2A7 /* DataService.swift in Sources */,
				2A755FA0290F7AFE008C5CCF /* DetailedImageView.swift in Sources */,
				2A448CFF290F3A170012E2A7 /* CustomImageViewModel.swift in Sources */,
				2A448D05290F42050012E2A7 /* CustomSearchBar.swift in Sources */,
				2A448CF9290F19B80012E2A7 /* PhotosDataModelResponse.swift in Sources */,
				2A755FA62910DD6B008C5CCF /* NetworkConnection.swift in Sources */,
				2A755FA82910DDCF008C5CCF /* CustomAlert.swift in Sources */,
			);
			runOnlyForDeploymentPostprocessing = 0;
		};
		2AB4BDD8290EEAA500A91C53 /* Sources */ = {
			isa = PBXSourcesBuildPhase;
			buildActionMask = 2147483647;
			files = (
				2A448D02290F41740012E2A7 /* SplashView.swift in Sources */,
				2AB4BE4A290EF84C00A91C53 /* HomeSearchView.swift in Sources */,
			);
			runOnlyForDeploymentPostprocessing = 0;
		};
		2AB4BDE2290EEAA500A91C53 /* Sources */ = {
			isa = PBXSourcesBuildPhase;
			buildActionMask = 2147483647;
			files = (
				2A448D03290F41740012E2A7 /* SplashView.swift in Sources */,
				2AB4BE4B290EF84C00A91C53 /* HomeSearchView.swift in Sources */,
			);
			runOnlyForDeploymentPostprocessing = 0;
		};
/* End PBXSourcesBuildPhase section */

/* Begin PBXTargetDependency section */
		2A6A97E429123DC3002A2E94 /* PBXTargetDependency */ = {
			isa = PBXTargetDependency;
			target = 2AB4BDCB290EEAA100A91C53 /* PhotosApp */;
			targetProxy = 2A6A97E329123DC3002A2E94 /* PBXContainerItemProxy */;
		};
		2A6A97F329123F44002A2E94 /* PBXTargetDependency */ = {
			isa = PBXTargetDependency;
			target = 2AB4BDCB290EEAA100A91C53 /* PhotosApp */;
			targetProxy = 2A6A97F229123F44002A2E94 /* PBXContainerItemProxy */;
		};
		2A9D14FD2912412200775F6E /* PBXTargetDependency */ = {
			isa = PBXTargetDependency;
			target = 2AB4BDCB290EEAA100A91C53 /* PhotosApp */;
			targetProxy = 2A9D14FC2912412200775F6E /* PBXContainerItemProxy */;
		};
		2AB4BDDE290EEAA500A91C53 /* PBXTargetDependency */ = {
			isa = PBXTargetDependency;
			target = 2AB4BDCB290EEAA100A91C53 /* PhotosApp */;
			targetProxy = 2AB4BDDD290EEAA500A91C53 /* PBXContainerItemProxy */;
		};
		2AB4BDE8290EEAA500A91C53 /* PBXTargetDependency */ = {
			isa = PBXTargetDependency;
			target = 2AB4BDCB290EEAA100A91C53 /* PhotosApp */;
			targetProxy = 2AB4BDE7290EEAA500A91C53 /* PBXContainerItemProxy */;
		};
/* End PBXTargetDependency section */

/* Begin XCBuildConfiguration section */
		2A6A97E629123DC3002A2E94 /* Debug */ = {
			isa = XCBuildConfiguration;
			buildSettings = {
				CODE_SIGN_STYLE = Automatic;
				CURRENT_PROJECT_VERSION = 1;
				DEVELOPMENT_TEAM = ASR8D44L2N;
				GENERATE_INFOPLIST_FILE = YES;
				MARKETING_VERSION = 1.0;
				PRODUCT_BUNDLE_IDENTIFIER = "bryan.PhotosAppUI-Tests";
				PRODUCT_NAME = "$(TARGET_NAME)";
				SWIFT_EMIT_LOC_STRINGS = NO;
				SWIFT_VERSION = 5.0;
				TARGETED_DEVICE_FAMILY = "1,2";
				TEST_TARGET_NAME = PhotosApp;
			};
			name = Debug;
		};
		2A6A97E729123DC3002A2E94 /* Release */ = {
			isa = XCBuildConfiguration;
			buildSettings = {
				CODE_SIGN_STYLE = Automatic;
				CURRENT_PROJECT_VERSION = 1;
				DEVELOPMENT_TEAM = ASR8D44L2N;
				GENERATE_INFOPLIST_FILE = YES;
				MARKETING_VERSION = 1.0;
				PRODUCT_BUNDLE_IDENTIFIER = "bryan.PhotosAppUI-Tests";
				PRODUCT_NAME = "$(TARGET_NAME)";
				SWIFT_EMIT_LOC_STRINGS = NO;
				SWIFT_VERSION = 5.0;
				TARGETED_DEVICE_FAMILY = "1,2";
				TEST_TARGET_NAME = PhotosApp;
			};
			name = Release;
		};
		2A6A97F529123F44002A2E94 /* Debug */ = {
			isa = XCBuildConfiguration;
			buildSettings = {
				CODE_SIGN_STYLE = Automatic;
				CURRENT_PROJECT_VERSION = 1;
				DEVELOPMENT_TEAM = ASR8D44L2N;
				GENERATE_INFOPLIST_FILE = YES;
				MARKETING_VERSION = 1.0;
				PRODUCT_BUNDLE_IDENTIFIER = "bryan.PhotosApp-UITests";
				PRODUCT_NAME = "$(TARGET_NAME)";
				SWIFT_EMIT_LOC_STRINGS = NO;
				SWIFT_VERSION = 5.0;
				TARGETED_DEVICE_FAMILY = "1,2";
				TEST_TARGET_NAME = PhotosApp;
			};
			name = Debug;
		};
		2A6A97F629123F44002A2E94 /* Release */ = {
			isa = XCBuildConfiguration;
			buildSettings = {
				CODE_SIGN_STYLE = Automatic;
				CURRENT_PROJECT_VERSION = 1;
				DEVELOPMENT_TEAM = ASR8D44L2N;
				GENERATE_INFOPLIST_FILE = YES;
				MARKETING_VERSION = 1.0;
				PRODUCT_BUNDLE_IDENTIFIER = "bryan.PhotosApp-UITests";
				PRODUCT_NAME = "$(TARGET_NAME)";
				SWIFT_EMIT_LOC_STRINGS = NO;
				SWIFT_VERSION = 5.0;
				TARGETED_DEVICE_FAMILY = "1,2";
				TEST_TARGET_NAME = PhotosApp;
			};
			name = Release;
		};
		2A9D14FE2912412200775F6E /* Debug */ = {
			isa = XCBuildConfiguration;
			buildSettings = {
				BUNDLE_LOADER = "$(TEST_HOST)";
				CODE_SIGN_STYLE = Automatic;
				CURRENT_PROJECT_VERSION = 1;
				DEVELOPMENT_TEAM = ASR8D44L2N;
				GENERATE_INFOPLIST_FILE = YES;
				MARKETING_VERSION = 1.0;
				PRODUCT_BUNDLE_IDENTIFIER = "bryan.PhotosAppTests-UnitTest";
				PRODUCT_NAME = "$(TARGET_NAME)";
				SWIFT_EMIT_LOC_STRINGS = NO;
				SWIFT_VERSION = 5.0;
				TARGETED_DEVICE_FAMILY = "1,2";
				TEST_HOST = "$(BUILT_PRODUCTS_DIR)/PhotosApp.app/$(BUNDLE_EXECUTABLE_FOLDER_PATH)/PhotosApp";
			};
			name = Debug;
		};
		2A9D14FF2912412200775F6E /* Release */ = {
			isa = XCBuildConfiguration;
			buildSettings = {
				BUNDLE_LOADER = "$(TEST_HOST)";
				CODE_SIGN_STYLE = Automatic;
				CURRENT_PROJECT_VERSION = 1;
				DEVELOPMENT_TEAM = ASR8D44L2N;
				GENERATE_INFOPLIST_FILE = YES;
				MARKETING_VERSION = 1.0;
				PRODUCT_BUNDLE_IDENTIFIER = "bryan.PhotosAppTests-UnitTest";
				PRODUCT_NAME = "$(TARGET_NAME)";
				SWIFT_EMIT_LOC_STRINGS = NO;
				SWIFT_VERSION = 5.0;
				TARGETED_DEVICE_FAMILY = "1,2";
				TEST_HOST = "$(BUILT_PRODUCTS_DIR)/PhotosApp.app/$(BUNDLE_EXECUTABLE_FOLDER_PATH)/PhotosApp";
			};
			name = Release;
		};
		2AB4BDEE290EEAA500A91C53 /* Debug */ = {
			isa = XCBuildConfiguration;
			buildSettings = {
				ALWAYS_SEARCH_USER_PATHS = NO;
				CLANG_ANALYZER_NONNULL = YES;
				CLANG_ANALYZER_NUMBER_OBJECT_CONVERSION = YES_AGGRESSIVE;
				CLANG_CXX_LANGUAGE_STANDARD = "gnu++20";
				CLANG_ENABLE_MODULES = YES;
				CLANG_ENABLE_OBJC_ARC = YES;
				CLANG_ENABLE_OBJC_WEAK = YES;
				CLANG_WARN_BLOCK_CAPTURE_AUTORELEASING = YES;
				CLANG_WARN_BOOL_CONVERSION = YES;
				CLANG_WARN_COMMA = YES;
				CLANG_WARN_CONSTANT_CONVERSION = YES;
				CLANG_WARN_DEPRECATED_OBJC_IMPLEMENTATIONS = YES;
				CLANG_WARN_DIRECT_OBJC_ISA_USAGE = YES_ERROR;
				CLANG_WARN_DOCUMENTATION_COMMENTS = YES;
				CLANG_WARN_EMPTY_BODY = YES;
				CLANG_WARN_ENUM_CONVERSION = YES;
				CLANG_WARN_INFINITE_RECURSION = YES;
				CLANG_WARN_INT_CONVERSION = YES;
				CLANG_WARN_NON_LITERAL_NULL_CONVERSION = YES;
				CLANG_WARN_OBJC_IMPLICIT_RETAIN_SELF = YES;
				CLANG_WARN_OBJC_LITERAL_CONVERSION = YES;
				CLANG_WARN_OBJC_ROOT_CLASS = YES_ERROR;
				CLANG_WARN_QUOTED_INCLUDE_IN_FRAMEWORK_HEADER = YES;
				CLANG_WARN_RANGE_LOOP_ANALYSIS = YES;
				CLANG_WARN_STRICT_PROTOTYPES = YES;
				CLANG_WARN_SUSPICIOUS_MOVE = YES;
				CLANG_WARN_UNGUARDED_AVAILABILITY = YES_AGGRESSIVE;
				CLANG_WARN_UNREACHABLE_CODE = YES;
				CLANG_WARN__DUPLICATE_METHOD_MATCH = YES;
				COPY_PHASE_STRIP = NO;
				DEBUG_INFORMATION_FORMAT = dwarf;
				ENABLE_STRICT_OBJC_MSGSEND = YES;
				ENABLE_TESTABILITY = YES;
				GCC_C_LANGUAGE_STANDARD = gnu11;
				GCC_DYNAMIC_NO_PIC = NO;
				GCC_NO_COMMON_BLOCKS = YES;
				GCC_OPTIMIZATION_LEVEL = 0;
				GCC_PREPROCESSOR_DEFINITIONS = (
					"DEBUG=1",
					"$(inherited)",
				);
				GCC_WARN_64_TO_32_BIT_CONVERSION = YES;
				GCC_WARN_ABOUT_RETURN_TYPE = YES_ERROR;
				GCC_WARN_UNDECLARED_SELECTOR = YES;
				GCC_WARN_UNINITIALIZED_AUTOS = YES_AGGRESSIVE;
				GCC_WARN_UNUSED_FUNCTION = YES;
				GCC_WARN_UNUSED_VARIABLE = YES;
				IPHONEOS_DEPLOYMENT_TARGET = 16.0;
				MTL_ENABLE_DEBUG_INFO = INCLUDE_SOURCE;
				MTL_FAST_MATH = YES;
				ONLY_ACTIVE_ARCH = YES;
				SDKROOT = iphoneos;
				SWIFT_ACTIVE_COMPILATION_CONDITIONS = DEBUG;
				SWIFT_OPTIMIZATION_LEVEL = "-Onone";
			};
			name = Debug;
		};
		2AB4BDEF290EEAA500A91C53 /* Release */ = {
			isa = XCBuildConfiguration;
			buildSettings = {
				ALWAYS_SEARCH_USER_PATHS = NO;
				CLANG_ANALYZER_NONNULL = YES;
				CLANG_ANALYZER_NUMBER_OBJECT_CONVERSION = YES_AGGRESSIVE;
				CLANG_CXX_LANGUAGE_STANDARD = "gnu++20";
				CLANG_ENABLE_MODULES = YES;
				CLANG_ENABLE_OBJC_ARC = YES;
				CLANG_ENABLE_OBJC_WEAK = YES;
				CLANG_WARN_BLOCK_CAPTURE_AUTORELEASING = YES;
				CLANG_WARN_BOOL_CONVERSION = YES;
				CLANG_WARN_COMMA = YES;
				CLANG_WARN_CONSTANT_CONVERSION = YES;
				CLANG_WARN_DEPRECATED_OBJC_IMPLEMENTATIONS = YES;
				CLANG_WARN_DIRECT_OBJC_ISA_USAGE = YES_ERROR;
				CLANG_WARN_DOCUMENTATION_COMMENTS = YES;
				CLANG_WARN_EMPTY_BODY = YES;
				CLANG_WARN_ENUM_CONVERSION = YES;
				CLANG_WARN_INFINITE_RECURSION = YES;
				CLANG_WARN_INT_CONVERSION = YES;
				CLANG_WARN_NON_LITERAL_NULL_CONVERSION = YES;
				CLANG_WARN_OBJC_IMPLICIT_RETAIN_SELF = YES;
				CLANG_WARN_OBJC_LITERAL_CONVERSION = YES;
				CLANG_WARN_OBJC_ROOT_CLASS = YES_ERROR;
				CLANG_WARN_QUOTED_INCLUDE_IN_FRAMEWORK_HEADER = YES;
				CLANG_WARN_RANGE_LOOP_ANALYSIS = YES;
				CLANG_WARN_STRICT_PROTOTYPES = YES;
				CLANG_WARN_SUSPICIOUS_MOVE = YES;
				CLANG_WARN_UNGUARDED_AVAILABILITY = YES_AGGRESSIVE;
				CLANG_WARN_UNREACHABLE_CODE = YES;
				CLANG_WARN__DUPLICATE_METHOD_MATCH = YES;
				COPY_PHASE_STRIP = NO;
				DEBUG_INFORMATION_FORMAT = "dwarf-with-dsym";
				ENABLE_NS_ASSERTIONS = NO;
				ENABLE_STRICT_OBJC_MSGSEND = YES;
				GCC_C_LANGUAGE_STANDARD = gnu11;
				GCC_NO_COMMON_BLOCKS = YES;
				GCC_WARN_64_TO_32_BIT_CONVERSION = YES;
				GCC_WARN_ABOUT_RETURN_TYPE = YES_ERROR;
				GCC_WARN_UNDECLARED_SELECTOR = YES;
				GCC_WARN_UNINITIALIZED_AUTOS = YES_AGGRESSIVE;
				GCC_WARN_UNUSED_FUNCTION = YES;
				GCC_WARN_UNUSED_VARIABLE = YES;
				IPHONEOS_DEPLOYMENT_TARGET = 16.0;
				MTL_ENABLE_DEBUG_INFO = NO;
				MTL_FAST_MATH = YES;
				SDKROOT = iphoneos;
				SWIFT_COMPILATION_MODE = wholemodule;
				SWIFT_OPTIMIZATION_LEVEL = "-O";
				VALIDATE_PRODUCT = YES;
			};
			name = Release;
		};
		2AB4BDF1290EEAA500A91C53 /* Debug */ = {
			isa = XCBuildConfiguration;
			buildSettings = {
				ASSETCATALOG_COMPILER_APPICON_NAME = AppIcon;
				ASSETCATALOG_COMPILER_GLOBAL_ACCENT_COLOR_NAME = AccentColor;
				CODE_SIGN_STYLE = Automatic;
				CURRENT_PROJECT_VERSION = 1;
				DEVELOPMENT_ASSET_PATHS = "\"PhotosApp/Preview Content\"";
				DEVELOPMENT_TEAM = ASR8D44L2N;
				ENABLE_PREVIEWS = YES;
				GENERATE_INFOPLIST_FILE = YES;
				INFOPLIST_FILE = PhotosApp/Info.plist;
				INFOPLIST_KEY_NSContactsUsageDescription = " We can help you to find photos base on your contact name list if needed ";
				INFOPLIST_KEY_UIApplicationSceneManifest_Generation = YES;
				INFOPLIST_KEY_UIApplicationSupportsIndirectInputEvents = YES;
				INFOPLIST_KEY_UILaunchScreen_Generation = YES;
				INFOPLIST_KEY_UISupportedInterfaceOrientations = UIInterfaceOrientationPortrait;
				INFOPLIST_KEY_UISupportedInterfaceOrientations_iPad = "UIInterfaceOrientationLandscapeLeft UIInterfaceOrientationLandscapeRight UIInterfaceOrientationPortrait UIInterfaceOrientationPortraitUpsideDown";
				LD_RUNPATH_SEARCH_PATHS = (
					"$(inherited)",
					"@executable_path/Frameworks",
				);
				MARKETING_VERSION = 1.0;
				PRODUCT_BUNDLE_IDENTIFIER = bryan.PhotosApp;
				PRODUCT_NAME = "$(TARGET_NAME)";
				SUPPORTED_PLATFORMS = "iphoneos iphonesimulator";
				SUPPORTS_MACCATALYST = NO;
				SUPPORTS_MAC_DESIGNED_FOR_IPHONE_IPAD = NO;
				SWIFT_EMIT_LOC_STRINGS = YES;
				SWIFT_VERSION = 5.0;
				TARGETED_DEVICE_FAMILY = 1;
			};
			name = Debug;
		};
		2AB4BDF2290EEAA500A91C53 /* Release */ = {
			isa = XCBuildConfiguration;
			buildSettings = {
				ASSETCATALOG_COMPILER_APPICON_NAME = AppIcon;
				ASSETCATALOG_COMPILER_GLOBAL_ACCENT_COLOR_NAME = AccentColor;
				CODE_SIGN_STYLE = Automatic;
				CURRENT_PROJECT_VERSION = 1;
				DEVELOPMENT_ASSET_PATHS = "\"PhotosApp/Preview Content\"";
				DEVELOPMENT_TEAM = ASR8D44L2N;
				ENABLE_PREVIEWS = YES;
				GENERATE_INFOPLIST_FILE = YES;
				INFOPLIST_FILE = PhotosApp/Info.plist;
				INFOPLIST_KEY_NSContactsUsageDescription = " We can help you to find photos base on your contact name list if needed ";
				INFOPLIST_KEY_UIApplicationSceneManifest_Generation = YES;
				INFOPLIST_KEY_UIApplicationSupportsIndirectInputEvents = YES;
				INFOPLIST_KEY_UILaunchScreen_Generation = YES;
				INFOPLIST_KEY_UISupportedInterfaceOrientations = UIInterfaceOrientationPortrait;
				INFOPLIST_KEY_UISupportedInterfaceOrientations_iPad = "UIInterfaceOrientationLandscapeLeft UIInterfaceOrientationLandscapeRight UIInterfaceOrientationPortrait UIInterfaceOrientationPortraitUpsideDown";
				LD_RUNPATH_SEARCH_PATHS = (
					"$(inherited)",
					"@executable_path/Frameworks",
				);
				MARKETING_VERSION = 1.0;
				PRODUCT_BUNDLE_IDENTIFIER = bryan.PhotosApp;
				PRODUCT_NAME = "$(TARGET_NAME)";
				SUPPORTED_PLATFORMS = "iphoneos iphonesimulator";
				SUPPORTS_MACCATALYST = NO;
				SUPPORTS_MAC_DESIGNED_FOR_IPHONE_IPAD = NO;
				SWIFT_EMIT_LOC_STRINGS = YES;
				SWIFT_VERSION = 5.0;
				TARGETED_DEVICE_FAMILY = 1;
			};
			name = Release;
		};
		2AB4BDF4290EEAA500A91C53 /* Debug */ = {
			isa = XCBuildConfiguration;
			buildSettings = {
				ALWAYS_EMBED_SWIFT_STANDARD_LIBRARIES = YES;
				BUNDLE_LOADER = "$(TEST_HOST)";
				CODE_SIGN_STYLE = Automatic;
				CURRENT_PROJECT_VERSION = 1;
				DEVELOPMENT_TEAM = ASR8D44L2N;
				GENERATE_INFOPLIST_FILE = YES;
				IPHONEOS_DEPLOYMENT_TARGET = 16.0;
				MARKETING_VERSION = 1.0;
				PRODUCT_BUNDLE_IDENTIFIER = bryan.PhotosAppTests;
				PRODUCT_NAME = "$(TARGET_NAME)";
				SWIFT_EMIT_LOC_STRINGS = NO;
				SWIFT_VERSION = 5.0;
				TARGETED_DEVICE_FAMILY = "1,2";
				TEST_HOST = "$(BUILT_PRODUCTS_DIR)/PhotosApp.app/$(BUNDLE_EXECUTABLE_FOLDER_PATH)/PhotosApp";
			};
			name = Debug;
		};
		2AB4BDF5290EEAA500A91C53 /* Release */ = {
			isa = XCBuildConfiguration;
			buildSettings = {
				ALWAYS_EMBED_SWIFT_STANDARD_LIBRARIES = YES;
				BUNDLE_LOADER = "$(TEST_HOST)";
				CODE_SIGN_STYLE = Automatic;
				CURRENT_PROJECT_VERSION = 1;
				DEVELOPMENT_TEAM = ASR8D44L2N;
				GENERATE_INFOPLIST_FILE = YES;
				IPHONEOS_DEPLOYMENT_TARGET = 16.0;
				MARKETING_VERSION = 1.0;
				PRODUCT_BUNDLE_IDENTIFIER = bryan.PhotosAppTests;
				PRODUCT_NAME = "$(TARGET_NAME)";
				SWIFT_EMIT_LOC_STRINGS = NO;
				SWIFT_VERSION = 5.0;
				TARGETED_DEVICE_FAMILY = "1,2";
				TEST_HOST = "$(BUILT_PRODUCTS_DIR)/PhotosApp.app/$(BUNDLE_EXECUTABLE_FOLDER_PATH)/PhotosApp";
			};
			name = Release;
		};
		2AB4BDF7290EEAA500A91C53 /* Debug */ = {
			isa = XCBuildConfiguration;
			buildSettings = {
				ALWAYS_EMBED_SWIFT_STANDARD_LIBRARIES = YES;
				CODE_SIGN_STYLE = Automatic;
				CURRENT_PROJECT_VERSION = 1;
				DEVELOPMENT_TEAM = ASR8D44L2N;
				GENERATE_INFOPLIST_FILE = YES;
				MARKETING_VERSION = 1.0;
				PRODUCT_BUNDLE_IDENTIFIER = bryan.PhotosAppUITests;
				PRODUCT_NAME = "$(TARGET_NAME)";
				SWIFT_EMIT_LOC_STRINGS = NO;
				SWIFT_VERSION = 5.0;
				TARGETED_DEVICE_FAMILY = "1,2";
				TEST_TARGET_NAME = PhotosApp;
			};
			name = Debug;
		};
		2AB4BDF8290EEAA500A91C53 /* Release */ = {
			isa = XCBuildConfiguration;
			buildSettings = {
				ALWAYS_EMBED_SWIFT_STANDARD_LIBRARIES = YES;
				CODE_SIGN_STYLE = Automatic;
				CURRENT_PROJECT_VERSION = 1;
				DEVELOPMENT_TEAM = ASR8D44L2N;
				GENERATE_INFOPLIST_FILE = YES;
				MARKETING_VERSION = 1.0;
				PRODUCT_BUNDLE_IDENTIFIER = bryan.PhotosAppUITests;
				PRODUCT_NAME = "$(TARGET_NAME)";
				SWIFT_EMIT_LOC_STRINGS = NO;
				SWIFT_VERSION = 5.0;
				TARGETED_DEVICE_FAMILY = "1,2";
				TEST_TARGET_NAME = PhotosApp;
			};
			name = Release;
		};
/* End XCBuildConfiguration section */

/* Begin XCConfigurationList section */
		2A6A97E529123DC3002A2E94 /* Build configuration list for PBXNativeTarget "PhotosAppUI_Tests" */ = {
			isa = XCConfigurationList;
			buildConfigurations = (
				2A6A97E629123DC3002A2E94 /* Debug */,
				2A6A97E729123DC3002A2E94 /* Release */,
			);
			defaultConfigurationIsVisible = 0;
			defaultConfigurationName = Release;
		};
		2A6A97F429123F44002A2E94 /* Build configuration list for PBXNativeTarget "PhotosApp_UITests" */ = {
			isa = XCConfigurationList;
			buildConfigurations = (
				2A6A97F529123F44002A2E94 /* Debug */,
				2A6A97F629123F44002A2E94 /* Release */,
			);
			defaultConfigurationIsVisible = 0;
			defaultConfigurationName = Release;
		};
		2A9D15002912412200775F6E /* Build configuration list for PBXNativeTarget "PhotosAppTests_UnitTest" */ = {
			isa = XCConfigurationList;
			buildConfigurations = (
				2A9D14FE2912412200775F6E /* Debug */,
				2A9D14FF2912412200775F6E /* Release */,
			);
			defaultConfigurationIsVisible = 0;
			defaultConfigurationName = Release;
		};
		2AB4BDC7290EEAA100A91C53 /* Build configuration list for PBXProject "PhotosApp" */ = {
			isa = XCConfigurationList;
			buildConfigurations = (
				2AB4BDEE290EEAA500A91C53 /* Debug */,
				2AB4BDEF290EEAA500A91C53 /* Release */,
			);
			defaultConfigurationIsVisible = 0;
			defaultConfigurationName = Release;
		};
		2AB4BDF0290EEAA500A91C53 /* Build configuration list for PBXNativeTarget "PhotosApp" */ = {
			isa = XCConfigurationList;
			buildConfigurations = (
				2AB4BDF1290EEAA500A91C53 /* Debug */,
				2AB4BDF2290EEAA500A91C53 /* Release */,
			);
			defaultConfigurationIsVisible = 0;
			defaultConfigurationName = Release;
		};
		2AB4BDF3290EEAA500A91C53 /* Build configuration list for PBXNativeTarget "PhotosAppTests" */ = {
			isa = XCConfigurationList;
			buildConfigurations = (
				2AB4BDF4290EEAA500A91C53 /* Debug */,
				2AB4BDF5290EEAA500A91C53 /* Release */,
			);
			defaultConfigurationIsVisible = 0;
			defaultConfigurationName = Release;
		};
		2AB4BDF6290EEAA500A91C53 /* Build configuration list for PBXNativeTarget "PhotosAppUITests" */ = {
			isa = XCConfigurationList;
			buildConfigurations = (
				2AB4BDF7290EEAA500A91C53 /* Debug */,
				2AB4BDF8290EEAA500A91C53 /* Release */,
			);
			defaultConfigurationIsVisible = 0;
			defaultConfigurationName = Release;
		};
/* End XCConfigurationList section */
	};
	rootObject = 2AB4BDC4290EEAA100A91C53 /* Project object */;
}
